{
  "version": 4,
  "terraform_version": "1.1.3",
  "serial": 62,
  "lineage": "19915bab-4be8-408a-7d92-0580e550df18",
  "outputs": {
    "instance1_ip": {
      "value": "89.208.228.14",
      "type": "string"
    },
    "loadbalancer_ip": {
      "value": "89.208.229.196",
      "type": "string"
    }
  },
  "resources": [
    {
      "mode": "managed",
      "type": "vkcs_compute_floatingip_associate",
      "name": "fip_1",
      "provider": "provider[\"hub.mcs.mail.ru/repository/vkcs\"]",
      "instances": [
        {
          "schema_version": 0,
          "attributes": {
            "fixed_ip": "192.168.199.10",
            "floating_ip": "89.208.228.14",
            "id": "89.208.228.14/f09e5efc-19a7-4c9b-b532-9a04eead2730/192.168.199.10",
            "instance_id": "f09e5efc-19a7-4c9b-b532-9a04eead2730",
            "region": "RegionOne",
            "timeouts": null,
            "wait_until_associated": null
          },
          "sensitive_attributes": [],
          "private": "eyJlMmJmYjczMC1lY2FhLTExZTYtOGY4OC0zNDM2M2JjN2M0YzAiOnsiY3JlYXRlIjo2MDAwMDAwMDAwMDB9fQ==",
          "dependencies": [
            "vkcs_networking_secgroup.secgroup_1",
            "vkcs_networking_subnet.subnet_1",
            "vkcs_compute_instance.instance1",
            "vkcs_networking_floatingip.floatip_1",
            "vkcs_networking_network.network_1",
            "vkcs_networking_port.port_1"
          ]
        }
      ]
    },
    {
      "mode": "managed",
      "type": "vkcs_compute_instance",
      "name": "instance1",
      "provider": "provider[\"hub.mcs.mail.ru/repository/vkcs\"]",
      "instances": [
        {
          "schema_version": 0,
          "attributes": {
            "access_ip_v4": "192.168.199.10",
            "access_ip_v6": "",
            "admin_pass": null,
            "all_metadata": {},
            "all_tags": [],
            "availability_zone": "GZ1",
            "block_device": [],
            "config_drive": null,
            "flavor_id": "df3c499a-044f-41d2-8612-d303adc613cc",
            "flavor_name": "Basic-1-1-10",
            "force_delete": false,
            "id": "f09e5efc-19a7-4c9b-b532-9a04eead2730",
            "image_id": "d853edd0-27b3-4385-a380-248ac8e40956",
            "image_name": "Ubuntu-20.04.1-202008",
            "key_pair": "",
            "metadata": null,
            "name": "instance1",
            "network": [
              {
                "access_network": false,
                "fixed_ip_v4": "192.168.199.10",
                "fixed_ip_v6": "",
                "mac": "fa:16:3e:b7:02:82",
                "name": "network_1",
                "port": "4e79eac1-f12e-40fe-be9f-db31892c1ec2",
                "uuid": "94ce5cef-847c-442f-88c1-4d04cdb0064c"
              }
            ],
            "network_mode": null,
            "personality": [],
            "power_state": "active",
            "region": "RegionOne",
            "scheduler_hints": [],
            "security_groups": [
              "secgroup_1"
            ],
            "stop_before_destroy": false,
            "tags": [],
            "timeouts": null,
            "user_data": "d6de09ee6d67c6fc3f37691ac3ae0cd4a2509ba7",
            "vendor_options": []
          },
          "sensitive_attributes": [],
          "private": "eyJlMmJmYjczMC1lY2FhLTExZTYtOGY4OC0zNDM2M2JjN2M0YzAiOnsiY3JlYXRlIjoxODAwMDAwMDAwMDAwLCJkZWxldGUiOjE4MDAwMDAwMDAwMDAsInVwZGF0ZSI6MTgwMDAwMDAwMDAwMH19",
          "dependencies": [
            "vkcs_networking_network.network_1",
            "vkcs_networking_port.port_1",
            "vkcs_networking_secgroup.secgroup_1",
            "vkcs_networking_subnet.subnet_1"
          ]
        }
      ]
    },
    {
      "mode": "managed",
      "type": "vkcs_lb_listener",
      "name": "listener",
      "provider": "provider[\"hub.mcs.mail.ru/repository/vkcs\"]",
      "instances": [
        {
          "schema_version": 0,
          "attributes": {
            "admin_state_up": true,
            "allowed_cidrs": [],
            "connection_limit": -1,
            "default_pool_id": "7e058b9c-cdda-439b-8b3d-eb9deedecea1",
            "default_tls_container_ref": "",
            "description": "",
            "id": "84d9cf50-d2db-4b12-8f1f-8e966cb1a3a0",
            "insert_headers": {},
            "loadbalancer_id": "f43d0b24-4c32-4764-a4c6-2c236358c58a",
            "name": "listener",
            "protocol": "HTTP",
            "protocol_port": 80,
            "region": "RegionOne",
            "sni_container_refs": [],
            "timeout_client_data": 50000,
            "timeout_member_connect": 5000,
            "timeout_member_data": 50000,
            "timeout_tcp_inspect": 0,
            "timeouts": null
          },
          "sensitive_attributes": [],
          "private": "eyJlMmJmYjczMC1lY2FhLTExZTYtOGY4OC0zNDM2M2JjN2M0YzAiOnsiY3JlYXRlIjo2MDAwMDAwMDAwMDAsImRlbGV0ZSI6NjAwMDAwMDAwMDAwLCJ1cGRhdGUiOjYwMDAwMDAwMDAwMH19",
          "dependencies": [
            "vkcs_networking_subnet.subnet_1",
            "vkcs_lb_loadbalancer.loadbalancer",
            "vkcs_networking_network.network_1",
            "vkcs_networking_port.port_lb",
            "vkcs_networking_secgroup.secgroup_1"
          ]
        }
      ]
    },
    {
      "mode": "managed",
      "type": "vkcs_lb_loadbalancer",
      "name": "loadbalancer",
      "provider": "provider[\"hub.mcs.mail.ru/repository/vkcs\"]",
      "instances": [
        {
          "schema_version": 0,
          "attributes": {
            "admin_state_up": true,
            "availability_zone": "",
            "description": "",
            "id": "f43d0b24-4c32-4764-a4c6-2c236358c58a",
            "name": "loadbalancer",
            "region": "RegionOne",
            "security_group_ids": [
              "119e8d3c-028f-429e-a054-6fd7be4e471b"
            ],
            "tags": [],
            "timeouts": null,
            "vip_address": "192.168.199.100",
            "vip_network_id": "94ce5cef-847c-442f-88c1-4d04cdb0064c",
            "vip_port_id": "755c02c5-4dc1-49cf-98f5-fa9af9819087",
            "vip_subnet_id": "3a23637d-6b10-4fc1-b485-2f40a0bd8aba"
          },
          "sensitive_attributes": [],
          "private": "eyJlMmJmYjczMC1lY2FhLTExZTYtOGY4OC0zNDM2M2JjN2M0YzAiOnsiY3JlYXRlIjo2MDAwMDAwMDAwMDAsImRlbGV0ZSI6MzAwMDAwMDAwMDAwLCJ1cGRhdGUiOjYwMDAwMDAwMDAwMH19",
          "dependencies": [
            "vkcs_networking_port.port_lb",
            "vkcs_networking_secgroup.secgroup_1",
            "vkcs_networking_subnet.subnet_1",
            "vkcs_networking_network.network_1"
          ]
        }
      ]
    },
    {
      "mode": "managed",
      "type": "vkcs_lb_member",
      "name": "member_1",
      "provider": "provider[\"hub.mcs.mail.ru/repository/vkcs\"]",
      "instances": [
        {
          "schema_version": 0,
          "attributes": {
            "address": "192.168.199.10",
            "admin_state_up": true,
            "id": "ed6c7693-7c42-43ec-8121-951fab8a82f4",
            "name": "",
            "pool_id": "7e058b9c-cdda-439b-8b3d-eb9deedecea1",
            "protocol_port": 80,
            "region": "RegionOne",
            "subnet_id": "3a23637d-6b10-4fc1-b485-2f40a0bd8aba",
            "timeouts": null,
            "weight": 1
          },
          "sensitive_attributes": [],
          "private": "eyJlMmJmYjczMC1lY2FhLTExZTYtOGY4OC0zNDM2M2JjN2M0YzAiOnsiY3JlYXRlIjo2MDAwMDAwMDAwMDAsImRlbGV0ZSI6NjAwMDAwMDAwMDAwLCJ1cGRhdGUiOjYwMDAwMDAwMDAwMH19",
          "dependencies": [
            "vkcs_lb_listener.listener",
            "vkcs_lb_loadbalancer.loadbalancer",
            "vkcs_lb_pool.pool",
            "vkcs_networking_network.network_1",
            "vkcs_networking_port.port_lb",
            "vkcs_networking_secgroup.secgroup_1",
            "vkcs_networking_subnet.subnet_1"
          ]
        }
      ]
    },
    {
      "mode": "managed",
      "type": "vkcs_lb_pool",
      "name": "pool",
      "provider": "provider[\"hub.mcs.mail.ru/repository/vkcs\"]",
      "instances": [
        {
          "schema_version": 0,
          "attributes": {
            "admin_state_up": true,
            "description": "",
            "id": "7e058b9c-cdda-439b-8b3d-eb9deedecea1",
            "lb_method": "ROUND_ROBIN",
            "listener_id": "84d9cf50-d2db-4b12-8f1f-8e966cb1a3a0",
            "loadbalancer_id": null,
            "name": "pool",
            "persistence": [
              {
                "cookie_name": "",
                "type": ""
              }
            ],
            "protocol": "HTTP",
            "region": "RegionOne",
            "timeouts": null
          },
          "sensitive_attributes": [],
          "private": "eyJlMmJmYjczMC1lY2FhLTExZTYtOGY4OC0zNDM2M2JjN2M0YzAiOnsiY3JlYXRlIjo2MDAwMDAwMDAwMDAsImRlbGV0ZSI6NjAwMDAwMDAwMDAwLCJ1cGRhdGUiOjYwMDAwMDAwMDAwMH19",
          "dependencies": [
            "vkcs_lb_listener.listener",
            "vkcs_lb_loadbalancer.loadbalancer",
            "vkcs_networking_network.network_1",
            "vkcs_networking_port.port_lb",
            "vkcs_networking_secgroup.secgroup_1",
            "vkcs_networking_subnet.subnet_1"
          ]
        }
      ]
    },
    {
      "mode": "managed",
      "type": "vkcs_networking_floatingip",
      "name": "floatip_1",
      "provider": "provider[\"hub.mcs.mail.ru/repository/vkcs\"]",
      "instances": [
        {
          "schema_version": 0,
          "attributes": {
            "address": "89.208.228.14",
            "all_tags": [],
            "description": "",
            "dns_domain": "",
            "dns_name": "",
            "fixed_ip": "192.168.199.10",
            "id": "cf55902d-7f90-4e82-ac1a-cca7ec89c685",
            "pool": "ext-net",
            "port_id": "4e79eac1-f12e-40fe-be9f-db31892c1ec2",
            "region": "RegionOne",
            "sdn": "neutron",
            "subnet_id": null,
            "subnet_ids": null,
            "tags": [],
            "timeouts": null,
            "value_specs": null
          },
          "sensitive_attributes": [],
          "private": "eyJlMmJmYjczMC1lY2FhLTExZTYtOGY4OC0zNDM2M2JjN2M0YzAiOnsiY3JlYXRlIjo2MDAwMDAwMDAwMDAsImRlbGV0ZSI6NjAwMDAwMDAwMDAwfX0="
        }
      ]
    },
    {
      "mode": "managed",
      "type": "vkcs_networking_floatingip",
      "name": "floatip_lb",
      "provider": "provider[\"hub.mcs.mail.ru/repository/vkcs\"]",
      "instances": [
        {
          "schema_version": 0,
          "attributes": {
            "address": "89.208.229.196",
            "all_tags": [],
            "description": "",
            "dns_domain": "",
            "dns_name": "",
            "fixed_ip": "",
            "id": "57e9a632-0568-4c2e-ab81-d359d2d30e2c",
            "pool": "ext-net",
            "port_id": "",
            "region": "RegionOne",
            "sdn": "neutron",
            "subnet_id": null,
            "subnet_ids": null,
            "tags": [],
            "timeouts": null,
            "value_specs": null
          },
          "sensitive_attributes": [],
          "private": "eyJlMmJmYjczMC1lY2FhLTExZTYtOGY4OC0zNDM2M2JjN2M0YzAiOnsiY3JlYXRlIjo2MDAwMDAwMDAwMDAsImRlbGV0ZSI6NjAwMDAwMDAwMDAwfX0="
        }
      ]
    },
    {
      "mode": "managed",
      "type": "vkcs_networking_floatingip_associate",
      "name": "fip_1",
      "provider": "provider[\"hub.mcs.mail.ru/repository/vkcs\"]",
      "instances": [
        {
          "schema_version": 0,
          "attributes": {
            "fixed_ip": "192.168.199.100",
            "floating_ip": "89.208.229.196",
            "id": "57e9a632-0568-4c2e-ab81-d359d2d30e2c",
            "port_id": "755c02c5-4dc1-49cf-98f5-fa9af9819087",
            "region": "RegionOne",
            "sdn": "neutron"
          },
          "sensitive_attributes": [],
          "private": "bnVsbA==",
          "dependencies": [
            "vkcs_networking_floatingip.floatip_lb",
            "vkcs_networking_port.port_lb"
          ]
        }
      ]
    },
    {
      "mode": "managed",
      "type": "vkcs_networking_network",
      "name": "network_1",
      "provider": "provider[\"hub.mcs.mail.ru/repository/vkcs\"]",
      "instances": [
        {
          "schema_version": 0,
          "attributes": {
            "admin_state_up": true,
            "all_tags": [],
            "description": "",
            "id": "94ce5cef-847c-442f-88c1-4d04cdb0064c",
            "name": "network_1",
            "port_security_enabled": true,
            "private_dns_domain": "mcs.local.",
            "region": "RegionOne",
            "sdn": "neutron",
            "tags": [],
            "timeouts": null,
            "value_specs": null,
            "vkcs_services_access": false
          },
          "sensitive_attributes": [],
          "private": "eyJlMmJmYjczMC1lY2FhLTExZTYtOGY4OC0zNDM2M2JjN2M0YzAiOnsiY3JlYXRlIjo2MDAwMDAwMDAwMDAsImRlbGV0ZSI6NjAwMDAwMDAwMDAwfX0="
        }
      ]
    },
    {
      "mode": "managed",
      "type": "vkcs_networking_port",
      "name": "port_1",
      "provider": "provider[\"hub.mcs.mail.ru/repository/vkcs\"]",
      "instances": [
        {
          "schema_version": 0,
          "attributes": {
            "admin_state_up": true,
            "all_fixed_ips": [
              "192.168.199.10"
            ],
            "all_security_group_ids": [
              "b7b2b422-527e-4792-a137-ac8c8ee2fa36"
            ],
            "all_tags": [],
            "allowed_address_pairs": [],
            "description": "",
            "device_id": "f09e5efc-19a7-4c9b-b532-9a04eead2730",
            "device_owner": "compute:None",
            "dns_assignment": [
              {
                "hostname": "instance1",
                "ip_address": "192.168.199.10"
              }
            ],
            "dns_name": "instance1",
            "extra_dhcp_option": [],
            "fixed_ip": [
              {
                "ip_address": "192.168.199.10",
                "subnet_id": "3a23637d-6b10-4fc1-b485-2f40a0bd8aba"
              }
            ],
            "id": "4e79eac1-f12e-40fe-be9f-db31892c1ec2",
            "mac_address": "fa:16:3e:b7:02:82",
            "name": "port_1",
            "network_id": "94ce5cef-847c-442f-88c1-4d04cdb0064c",
            "no_fixed_ip": null,
            "no_security_groups": null,
            "port_security_enabled": true,
            "region": "RegionOne",
            "sdn": "neutron",
            "security_group_ids": [
              "b7b2b422-527e-4792-a137-ac8c8ee2fa36"
            ],
            "tags": [],
            "timeouts": null,
            "value_specs": null
          },
          "sensitive_attributes": [],
          "private": "eyJlMmJmYjczMC1lY2FhLTExZTYtOGY4OC0zNDM2M2JjN2M0YzAiOnsiY3JlYXRlIjo2MDAwMDAwMDAwMDAsImRlbGV0ZSI6NjAwMDAwMDAwMDAwfX0=",
          "dependencies": [
            "vkcs_networking_subnet.subnet_1",
            "vkcs_networking_network.network_1",
            "vkcs_networking_secgroup.secgroup_1"
          ]
        }
      ]
    },
    {
      "mode": "managed",
      "type": "vkcs_networking_port",
      "name": "port_lb",
      "provider": "provider[\"hub.mcs.mail.ru/repository/vkcs\"]",
      "instances": [
        {
          "schema_version": 0,
          "attributes": {
            "admin_state_up": true,
            "all_fixed_ips": [
              "192.168.199.100"
            ],
            "all_security_group_ids": [
              "119e8d3c-028f-429e-a054-6fd7be4e471b"
            ],
            "all_tags": [],
            "allowed_address_pairs": [],
            "description": "",
            "device_id": "",
            "device_owner": "",
            "dns_assignment": [
              {
                "hostname": "host-192-168-199-100",
                "ip_address": "192.168.199.100"
              }
            ],
            "dns_name": "",
            "extra_dhcp_option": [],
            "fixed_ip": [
              {
                "ip_address": "192.168.199.100",
                "subnet_id": "3a23637d-6b10-4fc1-b485-2f40a0bd8aba"
              }
            ],
            "id": "755c02c5-4dc1-49cf-98f5-fa9af9819087",
            "mac_address": "fa:16:3e:96:60:5d",
            "name": "port_lb",
            "network_id": "94ce5cef-847c-442f-88c1-4d04cdb0064c",
            "no_fixed_ip": null,
            "no_security_groups": null,
            "port_security_enabled": true,
            "region": "RegionOne",
            "sdn": "neutron",
            "security_group_ids": [
              "b7b2b422-527e-4792-a137-ac8c8ee2fa36"
            ],
            "tags": [],
            "timeouts": null,
            "value_specs": null
          },
          "sensitive_attributes": [],
          "private": "eyJlMmJmYjczMC1lY2FhLTExZTYtOGY4OC0zNDM2M2JjN2M0YzAiOnsiY3JlYXRlIjo2MDAwMDAwMDAwMDAsImRlbGV0ZSI6NjAwMDAwMDAwMDAwfX0=",
          "dependencies": [
            "vkcs_networking_network.network_1",
            "vkcs_networking_secgroup.secgroup_1",
            "vkcs_networking_subnet.subnet_1"
          ]
        }
      ]
    },
    {
      "mode": "managed",
      "type": "vkcs_networking_port_secgroup_associate",
      "name": "ass_1",
      "provider": "provider[\"hub.mcs.mail.ru/repository/vkcs\"]",
      "instances": [
        {
          "schema_version": 0,
          "attributes": {
            "all_security_group_ids": [
              "b7b2b422-527e-4792-a137-ac8c8ee2fa36"
            ],
            "enforce": false,
            "id": "4e79eac1-f12e-40fe-be9f-db31892c1ec2",
            "port_id": "4e79eac1-f12e-40fe-be9f-db31892c1ec2",
            "region": "RegionOne",
            "sdn": "neutron",
            "security_group_ids": [
              "b7b2b422-527e-4792-a137-ac8c8ee2fa36"
            ]
          },
          "sensitive_attributes": [],
          "private": "bnVsbA==",
          "dependencies": [
            "vkcs_networking_port.port_1",
            "vkcs_networking_secgroup.secgroup_1",
            "vkcs_networking_subnet.subnet_1",
            "vkcs_networking_network.network_1"
          ]
        }
      ]
    },
    {
      "mode": "managed",
      "type": "vkcs_networking_router",
      "name": "router_1",
      "provider": "provider[\"hub.mcs.mail.ru/repository/vkcs\"]",
      "instances": [
        {
          "schema_version": 0,
          "attributes": {
            "admin_state_up": true,
            "all_tags": [],
            "description": "",
            "external_network_id": "298117ae-3fa4-4109-9e08-8be5602be5a2",
            "id": "1c0fcdea-c04d-4889-b4ff-87d0ec9e2764",
            "name": "router_1",
            "region": "RegionOne",
            "sdn": "neutron",
            "tags": [],
            "timeouts": null,
            "value_specs": null,
            "vendor_options": []
          },
          "sensitive_attributes": [],
          "private": "eyJlMmJmYjczMC1lY2FhLTExZTYtOGY4OC0zNDM2M2JjN2M0YzAiOnsiY3JlYXRlIjo2MDAwMDAwMDAwMDAsImRlbGV0ZSI6NjAwMDAwMDAwMDAwfX0="
        }
      ]
    },
    {
      "mode": "managed",
      "type": "vkcs_networking_router_interface",
      "name": "router_interface_1",
      "provider": "provider[\"hub.mcs.mail.ru/repository/vkcs\"]",
      "instances": [
        {
          "schema_version": 0,
          "attributes": {
            "id": "8bbaeaea-fcb0-414a-9925-56af8c676224",
            "port_id": "8bbaeaea-fcb0-414a-9925-56af8c676224",
            "region": "RegionOne",
            "router_id": "1c0fcdea-c04d-4889-b4ff-87d0ec9e2764",
            "sdn": "neutron",
            "subnet_id": "3a23637d-6b10-4fc1-b485-2f40a0bd8aba",
            "timeouts": null
          },
          "sensitive_attributes": [],
          "private": "eyJlMmJmYjczMC1lY2FhLTExZTYtOGY4OC0zNDM2M2JjN2M0YzAiOnsiY3JlYXRlIjo2MDAwMDAwMDAwMDAsImRlbGV0ZSI6NjAwMDAwMDAwMDAwfX0=",
          "dependencies": [
            "vkcs_networking_router.router_1",
            "vkcs_networking_subnet.subnet_1",
            "vkcs_networking_network.network_1"
          ]
        }
      ]
    },
    {
      "mode": "managed",
      "type": "vkcs_networking_secgroup",
      "name": "secgroup_1",
      "provider": "provider[\"hub.mcs.mail.ru/repository/vkcs\"]",
      "instances": [
        {
          "schema_version": 0,
          "attributes": {
            "all_tags": [],
            "delete_default_rules": null,
            "description": "",
            "id": "b7b2b422-527e-4792-a137-ac8c8ee2fa36",
            "name": "secgroup_1",
            "region": "RegionOne",
            "sdn": "neutron",
            "tags": [],
            "timeouts": null
          },
          "sensitive_attributes": [],
          "private": "eyJlMmJmYjczMC1lY2FhLTExZTYtOGY4OC0zNDM2M2JjN2M0YzAiOnsiZGVsZXRlIjo2MDAwMDAwMDAwMDB9fQ=="
        }
      ]
    },
    {
      "mode": "managed",
      "type": "vkcs_networking_secgroup_rule",
      "name": "allow_http",
      "provider": "provider[\"hub.mcs.mail.ru/repository/vkcs\"]",
      "instances": [
        {
          "schema_version": 0,
          "attributes": {
            "description": "",
            "direction": "ingress",
            "ethertype": "IPv4",
            "id": "7c569f1e-3f84-43c4-8572-91a0f7790552",
            "port_range_max": 80,
            "port_range_min": 80,
            "protocol": "tcp",
            "region": "RegionOne",
            "remote_group_id": "",
            "remote_ip_prefix": "0.0.0.0/0",
            "sdn": "neutron",
            "security_group_id": "b7b2b422-527e-4792-a137-ac8c8ee2fa36",
            "timeouts": null
          },
          "sensitive_attributes": [],
          "private": "eyJlMmJmYjczMC1lY2FhLTExZTYtOGY4OC0zNDM2M2JjN2M0YzAiOnsiZGVsZXRlIjo2MDAwMDAwMDAwMDB9fQ==",
          "dependencies": [
            "vkcs_networking_secgroup.secgroup_1"
          ]
        }
      ]
    },
    {
      "mode": "managed",
      "type": "vkcs_networking_secgroup_rule",
      "name": "allow_https",
      "provider": "provider[\"hub.mcs.mail.ru/repository/vkcs\"]",
      "instances": [
        {
          "schema_version": 0,
          "attributes": {
            "description": "",
            "direction": "ingress",
            "ethertype": "IPv4",
            "id": "7b33d983-1430-4afc-b7e6-4fab25d2b36b",
            "port_range_max": 443,
            "port_range_min": 443,
            "protocol": "tcp",
            "region": "RegionOne",
            "remote_group_id": "",
            "remote_ip_prefix": "0.0.0.0/0",
            "sdn": "neutron",
            "security_group_id": "b7b2b422-527e-4792-a137-ac8c8ee2fa36",
            "timeouts": null
          },
          "sensitive_attributes": [],
          "private": "eyJlMmJmYjczMC1lY2FhLTExZTYtOGY4OC0zNDM2M2JjN2M0YzAiOnsiZGVsZXRlIjo2MDAwMDAwMDAwMDB9fQ==",
          "dependencies": [
            "vkcs_networking_secgroup.secgroup_1"
          ]
        }
      ]
    },
    {
      "mode": "managed",
      "type": "vkcs_networking_secgroup_rule",
      "name": "allow_ping",
      "provider": "provider[\"hub.mcs.mail.ru/repository/vkcs\"]",
      "instances": [
        {
          "schema_version": 0,
          "attributes": {
            "description": "",
            "direction": "ingress",
            "ethertype": "IPv4",
            "id": "8e8d0d4a-d8b8-488e-90b7-26bab789f0e8",
            "port_range_max": 0,
            "port_range_min": 0,
            "protocol": "icmp",
            "region": "RegionOne",
            "remote_group_id": "",
            "remote_ip_prefix": "0.0.0.0/0",
            "sdn": "neutron",
            "security_group_id": "b7b2b422-527e-4792-a137-ac8c8ee2fa36",
            "timeouts": null
          },
          "sensitive_attributes": [],
          "private": "eyJlMmJmYjczMC1lY2FhLTExZTYtOGY4OC0zNDM2M2JjN2M0YzAiOnsiZGVsZXRlIjo2MDAwMDAwMDAwMDB9fQ==",
          "dependencies": [
            "vkcs_networking_secgroup.secgroup_1"
          ]
        }
      ]
    },
    {
      "mode": "managed",
      "type": "vkcs_networking_secgroup_rule",
      "name": "allow_ssh",
      "provider": "provider[\"hub.mcs.mail.ru/repository/vkcs\"]",
      "instances": [
        {
          "schema_version": 0,
          "attributes": {
            "description": "",
            "direction": "ingress",
            "ethertype": "IPv4",
            "id": "437d08b5-ba94-4a9d-a5d7-4a553bd374a7",
            "port_range_max": 22,
            "port_range_min": 22,
            "protocol": "tcp",
            "region": "RegionOne",
            "remote_group_id": "",
            "remote_ip_prefix": "0.0.0.0/0",
            "sdn": "neutron",
            "security_group_id": "b7b2b422-527e-4792-a137-ac8c8ee2fa36",
            "timeouts": null
          },
          "sensitive_attributes": [],
          "private": "eyJlMmJmYjczMC1lY2FhLTExZTYtOGY4OC0zNDM2M2JjN2M0YzAiOnsiZGVsZXRlIjo2MDAwMDAwMDAwMDB9fQ==",
          "dependencies": [
            "vkcs_networking_secgroup.secgroup_1"
          ]
        }
      ]
    },
    {
      "mode": "managed",
      "type": "vkcs_networking_subnet",
      "name": "subnet_1",
      "provider": "provider[\"hub.mcs.mail.ru/repository/vkcs\"]",
      "instances": [
        {
          "schema_version": 0,
          "attributes": {
            "all_tags": [],
            "allocation_pool": [
              {
                "end": "192.168.199.254",
                "start": "192.168.199.2"
              }
            ],
            "cidr": "192.168.199.0/24",
            "description": "",
            "dns_nameservers": [],
            "enable_dhcp": true,
            "gateway_ip": "192.168.199.1",
            "id": "3a23637d-6b10-4fc1-b485-2f40a0bd8aba",
            "ip_version": 4,
            "ipv6_address_mode": "",
            "ipv6_ra_mode": "",
            "name": "subnet_1",
            "network_id": "94ce5cef-847c-442f-88c1-4d04cdb0064c",
            "no_gateway": false,
            "prefix_length": null,
            "region": "RegionOne",
            "sdn": "neutron",
            "subnetpool_id": "",
            "tags": [],
            "timeouts": null,
            "value_specs": null
          },
          "sensitive_attributes": [],
          "private": "eyJlMmJmYjczMC1lY2FhLTExZTYtOGY4OC0zNDM2M2JjN2M0YzAiOnsiY3JlYXRlIjo2MDAwMDAwMDAwMDAsImRlbGV0ZSI6NjAwMDAwMDAwMDAwfX0=",
          "dependencies": [
            "vkcs_networking_network.network_1"
          ]
        }
      ]
    }
  ]
}
